{
  "lockfile_version": "1",
  "packages": {
    "go-licenses@1.6.0": {
      "last_modified": "2024-10-13T23:44:06Z",
      "resolved": "github:NixOS/nixpkgs/d4f247e89f6e10120f911e2e2d2254a050d0f732#go-licenses",
      "source": "devbox-search",
      "version": "1.6.0",
      "systems": {
        "aarch64-darwin": {
          "outputs": [
            {
              "name": "out",
              "path": "/nix/store/47lqfbck6ra5qr4ql8igb0zj2svlfxxs-go-licenses-1.6.0",
              "default": true
            }
          ],
          "store_path": "/nix/store/47lqfbck6ra5qr4ql8igb0zj2svlfxxs-go-licenses-1.6.0"
        },
        "aarch64-linux": {
          "outputs": [
            {
              "name": "out",
              "path": "/nix/store/yc683qj2wa7qqb8lhsj6abddzljn35rz-go-licenses-1.6.0",
              "default": true
            }
          ],
          "store_path": "/nix/store/yc683qj2wa7qqb8lhsj6abddzljn35rz-go-licenses-1.6.0"
        },
        "x86_64-darwin": {
          "outputs": [
            {
              "name": "out",
              "path": "/nix/store/hvb2f6f4z6gscdgcagpbs4nw72a0b4wd-go-licenses-1.6.0",
              "default": true
            }
          ],
          "store_path": "/nix/store/hvb2f6f4z6gscdgcagpbs4nw72a0b4wd-go-licenses-1.6.0"
        },
        "x86_64-linux": {
          "outputs": [
            {
              "name": "out",
              "path": "/nix/store/mvlh03dbgcfgz8hv5sz74akvjhl1f3ga-go-licenses-1.6.0",
              "default": true
            }
          ],
          "store_path": "/nix/store/mvlh03dbgcfgz8hv5sz74akvjhl1f3ga-go-licenses-1.6.0"
        }
      }
    },
    "go@1.23.2": {
      "last_modified": "2024-10-13T23:44:06Z",
      "resolved": "github:NixOS/nixpkgs/d4f247e89f6e10120f911e2e2d2254a050d0f732#go",
      "source": "devbox-search",
      "version": "1.23.2",
      "systems": {
        "aarch64-darwin": {
          "outputs": [
            {
              "name": "out",
              "path": "/nix/store/35jikx2wg5r0qj47sic0p99bqnmwi6cn-go-1.23.2",
              "default": true
            }
          ],
          "store_path": "/nix/store/35jikx2wg5r0qj47sic0p99bqnmwi6cn-go-1.23.2"
        },
        "aarch64-linux": {
          "outputs": [
            {
              "name": "out",
              "path": "/nix/store/6bx6d90kpy537yab22wja70ibpp4gkww-go-1.23.2",
              "default": true
            }
          ],
          "store_path": "/nix/store/6bx6d90kpy537yab22wja70ibpp4gkww-go-1.23.2"
        },
        "x86_64-darwin": {
          "outputs": [
            {
              "name": "out",
              "path": "/nix/store/yi89mimkmw48qhzrll1aaibxbvllpsjv-go-1.23.2",
              "default": true
            }
          ],
          "store_path": "/nix/store/yi89mimkmw48qhzrll1aaibxbvllpsjv-go-1.23.2"
        },
        "x86_64-linux": {
          "outputs": [
            {
              "name": "out",
              "path": "/nix/store/klw1ipjsqx1np7pkk833x7sad7f3ivv9-go-1.23.2",
              "default": true
            }
          ],
          "store_path": "/nix/store/klw1ipjsqx1np7pkk833x7sad7f3ivv9-go-1.23.2"
        }
      }
    },
    "just@1.36.0": {
      "last_modified": "2024-10-13T23:44:06Z",
      "resolved": "github:NixOS/nixpkgs/d4f247e89f6e10120f911e2e2d2254a050d0f732#just",
      "source": "devbox-search",
      "version": "1.36.0",
      "systems": {
        "aarch64-darwin": {
          "outputs": [
            {
              "name": "out",
              "path": "/nix/store/lmm3kkb9v1d62mlrzwnyqiwxb2hdvfdh-just-1.36.0",
              "default": true
            },
            {
              "name": "man",
              "path": "/nix/store/p6jr4v2zwzifn29jm3nvwb5yai32bfca-just-1.36.0-man",
              "default": true
            },
            {
              "name": "doc",
              "path": "/nix/store/gr4nlvz2jjs30g173fnspgmz3yd33k6a-just-1.36.0-doc"
            }
          ],
          "store_path": "/nix/store/lmm3kkb9v1d62mlrzwnyqiwxb2hdvfdh-just-1.36.0"
        },
        "aarch64-linux": {
          "outputs": [
            {
              "name": "out",
              "path": "/nix/store/b7wmjsdpw86d486s5sxpw40fnp527zga-just-1.36.0",
              "default": true
            },
            {
              "name": "man",
              "path": "/nix/store/40q16fi2sxzx13l31s8y8sc1jv57jm3l-just-1.36.0-man",
              "default": true
            },
            {
              "name": "doc",
              "path": "/nix/store/b7wkw55yd0nsnglksr8yamjbmy2d6cgb-just-1.36.0-doc"
            }
          ],
          "store_path": "/nix/store/b7wmjsdpw86d486s5sxpw40fnp527zga-just-1.36.0"
        },
        "x86_64-darwin": {
          "outputs": [
            {
              "name": "out",
              "path": "/nix/store/rv6wg4h6sg7k4xyhsmwky8jjag0fnrx5-just-1.36.0",
              "default": true
            },
            {
              "name": "man",
              "path": "/nix/store/vvzyrp0n1ivg7qny1ylx5r54hn025h3f-just-1.36.0-man",
              "default": true
            },
            {
              "name": "doc",
              "path": "/nix/store/4r7sln3x3z1pfmi5acshgcc5wbd3f04v-just-1.36.0-doc"
            }
          ],
          "store_path": "/nix/store/rv6wg4h6sg7k4xyhsmwky8jjag0fnrx5-just-1.36.0"
        },
        "x86_64-linux": {
          "outputs": [
            {
              "name": "out",
              "path": "/nix/store/phhxwxxhnd4dc14rckxsmym2ikiws97p-just-1.36.0",
              "default": true
            },
            {
              "name": "man",
              "path": "/nix/store/ki2fhzk2pkfz36b17ykg4zmpfrlk1i50-just-1.36.0-man",
              "default": true
            },
            {
              "name": "doc",
              "path": "/nix/store/g3zm7jfzalsyy2y1ginciivi5r8kdslk-just-1.36.0-doc"
            }
          ],
          "store_path": "/nix/store/phhxwxxhnd4dc14rckxsmym2ikiws97p-just-1.36.0"
        }
      }
    },
    "kind@0.24.0": {
      "last_modified": "2024-10-13T23:44:06Z",
      "resolved": "github:NixOS/nixpkgs/d4f247e89f6e10120f911e2e2d2254a050d0f732#kind",
      "source": "devbox-search",
      "version": "0.24.0",
      "systems": {
        "aarch64-darwin": {
          "outputs": [
            {
              "name": "out",
              "path": "/nix/store/gh5i0rfg4ddan0z2jn768isa7ppkrw3k-kind-0.24.0",
              "default": true
            }
          ],
          "store_path": "/nix/store/gh5i0rfg4ddan0z2jn768isa7ppkrw3k-kind-0.24.0"
        },
        "aarch64-linux": {
          "outputs": [
            {
              "name": "out",
              "path": "/nix/store/i1f1n1vkwq4frksgkjb1q4fk4dnw2r0s-kind-0.24.0",
              "default": true
            }
          ],
          "store_path": "/nix/store/i1f1n1vkwq4frksgkjb1q4fk4dnw2r0s-kind-0.24.0"
        },
        "x86_64-darwin": {
          "outputs": [
            {
              "name": "out",
              "path": "/nix/store/0a31m1clp16smjapp0jqg8xlqpqfy9nm-kind-0.24.0",
              "default": true
            }
          ],
          "store_path": "/nix/store/0a31m1clp16smjapp0jqg8xlqpqfy9nm-kind-0.24.0"
        },
        "x86_64-linux": {
          "outputs": [
            {
              "name": "out",
              "path": "/nix/store/f9bjjdk9ydihp12n7wq72hhgiyk8pvln-kind-0.24.0",
              "default": true
            }
          ],
          "store_path": "/nix/store/f9bjjdk9ydihp12n7wq72hhgiyk8pvln-kind-0.24.0"
        }
      }
    },
    "kubectl@1.31.0": {
      "last_modified": "2024-10-13T23:44:06Z",
      "resolved": "github:NixOS/nixpkgs/d4f247e89f6e10120f911e2e2d2254a050d0f732#kubectl",
      "source": "devbox-search",
      "version": "1.31.0",
      "systems": {
        "aarch64-darwin": {
          "outputs": [
            {
              "name": "out",
              "path": "/nix/store/fai4gv26l2w6bpmwj16jxjxh35ix68ml-kubectl-1.31.0",
              "default": true
            },
            {
              "name": "man",
              "path": "/nix/store/mgn5j6li2mwqk91m5hfxsj46jqf9rh58-kubectl-1.31.0-man",
              "default": true
            },
            {
              "name": "convert",
              "path": "/nix/store/aaanrn2izxrazlc6z03sshaxdszhsb25-kubectl-1.31.0-convert"
            }
          ],
          "store_path": "/nix/store/fai4gv26l2w6bpmwj16jxjxh35ix68ml-kubectl-1.31.0"
        },
        "aarch64-linux": {
          "outputs": [
            {
              "name": "out",
              "path": "/nix/store/k7z6lpwr361g47w226brssr9az06m8wg-kubectl-1.31.0",
              "default": true
            },
            {
              "name": "man",
              "path": "/nix/store/ppi4zzafd8d7g2wa4gi0m11k2ja83q9z-kubectl-1.31.0-man",
              "default": true
            },
            {
              "name": "convert",
              "path": "/nix/store/vyg57m3vdg4f0rl9n81q1aasp5i33wla-kubectl-1.31.0-convert"
            }
          ],
          "store_path": "/nix/store/k7z6lpwr361g47w226brssr9az06m8wg-kubectl-1.31.0"
        },
        "x86_64-darwin": {
          "outputs": [
            {
              "name": "out",
              "path": "/nix/store/a6l653b5wzmif5vsjmb7g0p1z3z9lp39-kubectl-1.31.0",
              "default": true
            },
            {
              "name": "man",
              "path": "/nix/store/d1384hfgzrjhnq6r4wn73jpshvkvmr4c-kubectl-1.31.0-man",
              "default": true
            },
            {
              "name": "convert",
              "path": "/nix/store/gc0si099vdrlahjc33py74wmm3wqiymh-kubectl-1.31.0-convert"
            }
          ],
          "store_path": "/nix/store/a6l653b5wzmif5vsjmb7g0p1z3z9lp39-kubectl-1.31.0"
        },
        "x86_64-linux": {
          "outputs": [
            {
              "name": "out",
              "path": "/nix/store/jd22gixhisdwcrwhk0gmz50mhk267fv8-kubectl-1.31.0",
              "default": true
            },
            {
              "name": "man",
              "path": "/nix/store/25g9j89wa8cb67mgi0yhbp0d23jfcjnl-kubectl-1.31.0-man",
              "default": true
            },
            {
              "name": "convert",
              "path": "/nix/store/gl4m0mjkj8i7bmxqmfk63svffxsknz3k-kubectl-1.31.0-convert"
            }
          ],
          "store_path": "/nix/store/jd22gixhisdwcrwhk0gmz50mhk267fv8-kubectl-1.31.0"
        }
      }
    },
    "pre-commit@3.6.2": {
      "last_modified": "2024-04-02T02:53:36Z",
      "resolved": "github:NixOS/nixpkgs/080a4a27f206d07724b88da096e27ef63401a504#pre-commit",
      "source": "devbox-search",
      "version": "3.6.2",
      "systems": {
        "aarch64-darwin": {
          "outputs": [
            {
              "name": "out",
              "path": "/nix/store/5if5x94gvpqh4vgbyw8sh6pgjzwr01np-pre-commit-3.6.2",
              "default": true
            },
            {
              "name": "dist",
              "path": "/nix/store/8xm1hcjgwkzj791g84fj5a52argyvbrx-pre-commit-3.6.2-dist"
            }
          ],
          "store_path": "/nix/store/5if5x94gvpqh4vgbyw8sh6pgjzwr01np-pre-commit-3.6.2"
        },
        "aarch64-linux": {
          "outputs": [
            {
              "name": "out",
              "path": "/nix/store/6bxdvxl29mc3bw7c5rsj2zm3aqv8y39x-pre-commit-3.6.2",
              "default": true
            },
            {
              "name": "dist",
              "path": "/nix/store/zqwiyj5aylri4aj8fh0mphc5y07zhwq4-pre-commit-3.6.2-dist"
            }
          ],
          "store_path": "/nix/store/6bxdvxl29mc3bw7c5rsj2zm3aqv8y39x-pre-commit-3.6.2"
        },
        "x86_64-darwin": {
          "outputs": [
            {
              "name": "out",
              "path": "/nix/store/ay2aymwminyyx349wnhk1hrf8v3g94pa-pre-commit-3.6.2",
              "default": true
            },
            {
              "name": "dist",
              "path": "/nix/store/l2g2ln90y1n1wmk9q43pc8z5jnnbj8b9-pre-commit-3.6.2-dist"
            }
          ],
          "store_path": "/nix/store/ay2aymwminyyx349wnhk1hrf8v3g94pa-pre-commit-3.6.2"
        },
        "x86_64-linux": {
          "outputs": [
            {
              "name": "out",
              "path": "/nix/store/kck3h0ryx9zlq3ichhaam221bsfdicnx-pre-commit-3.6.2",
              "default": true
            },
            {
              "name": "dist",
              "path": "/nix/store/is3kf1f1jwiwqjg3b8jdngqmpw677wf5-pre-commit-3.6.2-dist"
            }
          ],
          "store_path": "/nix/store/kck3h0ryx9zlq3ichhaam221bsfdicnx-pre-commit-3.6.2"
        }
      }
    }
  }
}
